
Microsoft Visual Studio Solution File, Format Version 12.00
# Visual Studio 15
VisualStudioVersion = 15.0.28010.2016
MinimumVisualStudioVersion = 10.0.40219.1
Project("{9A19103F-16F7-4668-BE54-9A1E7A4F7556}") = "Data", "Data\Data.csproj", "{1009965D-5767-4505-A44A-33703CDE09CC}"
EndProject
Project("{9A19103F-16F7-4668-BE54-9A1E7A4F7556}") = "eJukeboxWebApp", "eJukeboxWebApp\eJukeboxWebApp.csproj", "{797C32D4-DCD4-45B4-9801-B84B64B3B7A9}"
EndProject
Project("{9A19103F-16F7-4668-BE54-9A1E7A4F7556}") = "UnitTestProject1", "UnitTestProject1\UnitTestProject1.csproj", "{E1FE223A-B2BB-4E96-9895-299E80C9854F}"
EndProject
Project("{9A19103F-16F7-4668-BE54-9A1E7A4F7556}") = "Common", "Common\Common.csproj", "{A9046EF7-9C13-4DB3-9CCF-D90A87A78562}"
EndProject
Project("{FAE04EC0-301F-11D3-BF4B-00C04F79EFBC}") = "Domain", "Domain\Domain.csproj", "{EF61C60C-E4D4-4A64-BAAB-837708F61979}"
EndProject
Global
	GlobalSection(SolutionConfigurationPlatforms) = preSolution
		Debug|Any CPU = Debug|Any CPU
		Release|Any CPU = Release|Any CPU
	EndGlobalSection
	GlobalSection(ProjectConfigurationPlatforms) = postSolution
		{1009965D-5767-4505-A44A-33703CDE09CC}.Debug|Any CPU.ActiveCfg = Debug|Any CPU
		{1009965D-5767-4505-A44A-33703CDE09CC}.Debug|Any CPU.Build.0 = Debug|Any CPU
		{1009965D-5767-4505-A44A-33703CDE09CC}.Release|Any CPU.ActiveCfg = Release|Any CPU
		{1009965D-5767-4505-A44A-33703CDE09CC}.Release|Any CPU.Build.0 = Release|Any CPU
		{797C32D4-DCD4-45B4-9801-B84B64B3B7A9}.Debug|Any CPU.ActiveCfg = Debug|Any CPU
		{797C32D4-DCD4-45B4-9801-B84B64B3B7A9}.Debug|Any CPU.Build.0 = Debug|Any CPU
		{797C32D4-DCD4-45B4-9801-B84B64B3B7A9}.Release|Any CPU.ActiveCfg = Release|Any CPU
		{797C32D4-DCD4-45B4-9801-B84B64B3B7A9}.Release|Any CPU.Build.0 = Release|Any CPU
		{E1FE223A-B2BB-4E96-9895-299E80C9854F}.Debug|Any CPU.ActiveCfg = Debug|Any CPU
		{E1FE223A-B2BB-4E96-9895-299E80C9854F}.Debug|Any CPU.Build.0 = Debug|Any CPU
		{E1FE223A-B2BB-4E96-9895-299E80C9854F}.Release|Any CPU.ActiveCfg = Release|Any CPU
		{E1FE223A-B2BB-4E96-9895-299E80C9854F}.Release|Any CPU.Build.0 = Release|Any CPU
		{A9046EF7-9C13-4DB3-9CCF-D90A87A78562}.Debug|Any CPU.ActiveCfg = Debug|Any CPU
		{A9046EF7-9C13-4DB3-9CCF-D90A87A78562}.Debug|Any CPU.Build.0 = Debug|Any CPU
		{A9046EF7-9C13-4DB3-9CCF-D90A87A78562}.Release|Any CPU.ActiveCfg = Release|Any CPU
		{A9046EF7-9C13-4DB3-9CCF-D90A87A78562}.Release|Any CPU.Build.0 = Release|Any CPU
		{EF61C60C-E4D4-4A64-BAAB-837708F61979}.Debug|Any CPU.ActiveCfg = Debug|Any CPU
		{EF61C60C-E4D4-4A64-BAAB-837708F61979}.Debug|Any CPU.Build.0 = Debug|Any CPU
		{EF61C60C-E4D4-4A64-BAAB-837708F61979}.Release|Any CPU.ActiveCfg = Release|Any CPU
		{EF61C60C-E4D4-4A64-BAAB-837708F61979}.Release|Any CPU.Build.0 = Release|Any CPU
	EndGlobalSection
	GlobalSection(SolutionProperties) = preSolution
		HideSolutionNode = FALSE
	EndGlobalSection
	GlobalSection(ExtensibilityGlobals) = postSolution
		SolutionGuid = {26ACD1E1-8CE2-4996-8012-F3B93D8CEF39}
	EndGlobalSection
EndGlobal
